
Microsoft Visual Studio Solution File, Format Version 12.00
# Visual Studio Express 2012 for Windows Desktop
Project("{FAE04EC0-301F-11D3-BF4B-00C04F79EFBC}") = "ConsoleApplication3", "ConsoleApplication3\ConsoleApplication3.csproj", "{ADBBAF2D-1165-4EA6-BF1B-CC66AA4502C5}"
EndProject
Global
	GlobalSection(SolutionConfigurationPlatforms) = preSolution
		Debug|Any CPU = Debug|Any CPU
		Release|Any CPU = Release|Any CPU
	EndGlobalSection
	GlobalSection(ProjectConfigurationPlatforms) = postSolution
		{ADBBAF2D-1165-4EA6-BF1B-CC66AA4502C5}.Debug|Any CPU.ActiveCfg = Debug|Any CPU
		{ADBBAF2D-1165-4EA6-BF1B-CC66AA4502C5}.Debug|Any CPU.Build.0 = Debug|Any CPU
		{ADBBAF2D-1165-4EA6-BF1B-CC66AA4502C5}.Release|Any CPU.ActiveCfg = Release|Any CPU
		{ADBBAF2D-1165-4EA6-BF1B-CC66AA4502C5}.Release|Any CPU.Build.0 = Release|Any CPU
	EndGlobalSection
	GlobalSection(SolutionProperties) = preSolution
		HideSolutionNode = FALSE
	EndGlobalSection
EndGlobal
